// !$*UTF8*$!
{
	archiveVersion = 1;
	classes = {
	};
	objectVersion = 46;
	objects = {

/* Begin PBXBuildFile section */
		2CB31CFD1C760FAD006D044B /* AppDelegate.swift in Sources */ = {isa = PBXBuildFile; fileRef = 2CB31CFC1C760FAD006D044B /* AppDelegate.swift */; };
		2CB31D021C760FAD006D044B /* Main.storyboard in Resources */ = {isa = PBXBuildFile; fileRef = 2CB31D001C760FAD006D044B /* Main.storyboard */; };
		2CB31D041C760FAD006D044B /* Assets.xcassets in Resources */ = {isa = PBXBuildFile; fileRef = 2CB31D031C760FAD006D044B /* Assets.xcassets */; };
		2CB31D071C760FAD006D044B /* LaunchScreen.storyboard in Resources */ = {isa = PBXBuildFile; fileRef = 2CB31D051C760FAD006D044B /* LaunchScreen.storyboard */; };
		2CB31D121C760FAD006D044B /* OneHourWalkerTests.swift in Sources */ = {isa = PBXBuildFile; fileRef = 2CB31D111C760FAD006D044B /* OneHourWalkerTests.swift */; };
		2CB31D1D1C760FAD006D044B /* OneHourWalkerUITests.swift in Sources */ = {isa = PBXBuildFile; fileRef = 2CB31D1C1C760FAD006D044B /* OneHourWalkerUITests.swift */; };
		2CB31D361C7611A8006D044B /* TimerViewController.swift in Sources */ = {isa = PBXBuildFile; fileRef = 2CB31D351C7611A8006D044B /* TimerViewController.swift */; };
		2CB31D381C761905006D044B /* CustomView.swift in Sources */ = {isa = PBXBuildFile; fileRef = 2CB31D371C761905006D044B /* CustomView.swift */; };
		2CB31D3A1C762204006D044B /* CustomButton.swift in Sources */ = {isa = PBXBuildFile; fileRef = 2CB31D391C762204006D044B /* CustomButton.swift */; };
		2CB31D3C1C77637D006D044B /* CoreLocation.framework in Frameworks */ = {isa = PBXBuildFile; fileRef = 2CB31D3B1C77637D006D044B /* CoreLocation.framework */; };
		2CB31D3E1C77C5D8006D044B /* HealthKit.framework in Frameworks */ = {isa = PBXBuildFile; fileRef = 2CB31D3D1C77C5D8006D044B /* HealthKit.framework */; };
		2CB31D411C77C63A006D044B /* HealthKitManager.swift in Sources */ = {isa = PBXBuildFile; fileRef = 2CB31D401C77C63A006D044B /* HealthKitManager.swift */; };
/* End PBXBuildFile section */

/* Begin PBXContainerItemProxy section */
		2CB31D0E1C760FAD006D044B /* PBXContainerItemProxy */ = {
			isa = PBXContainerItemProxy;
			containerPortal = 2CB31CF11C760FAC006D044B /* Project object */;
			proxyType = 1;
			remoteGlobalIDString = 2CB31CF81C760FAC006D044B;
			remoteInfo = OneHourWalker;
		};
		2CB31D191C760FAD006D044B /* PBXContainerItemProxy */ = {
			isa = PBXContainerItemProxy;
			containerPortal = 2CB31CF11C760FAC006D044B /* Project object */;
			proxyType = 1;
			remoteGlobalIDString = 2CB31CF81C760FAC006D044B;
			remoteInfo = OneHourWalker;
		};
/* End PBXContainerItemProxy section */

/* Begin PBXFileReference section */
		2CB31CF91C760FAD006D044B /* OneHourWalker.app */ = {isa = PBXFileReference; explicitFileType = wrapper.application; includeInIndex = 0; path = OneHourWalker.app; sourceTree = BUILT_PRODUCTS_DIR; };
		2CB31CFC1C760FAD006D044B /* AppDelegate.swift */ = {isa = PBXFileReference; lastKnownFileType = sourcecode.swift; path = AppDelegate.swift; sourceTree = "<group>"; };
		2CB31D011C760FAD006D044B /* Base */ = {isa = PBXFileReference; lastKnownFileType = file.storyboard; name = Base; path = Base.lproj/Main.storyboard; sourceTree = "<group>"; };
		2CB31D031C760FAD006D044B /* Assets.xcassets */ = {isa = PBXFileReference; lastKnownFileType = folder.assetcatalog; path = Assets.xcassets; sourceTree = "<group>"; };
		2CB31D061C760FAD006D044B /* Base */ = {isa = PBXFileReference; lastKnownFileType = file.storyboard; name = Base; path = Base.lproj/LaunchScreen.storyboard; sourceTree = "<group>"; };
		2CB31D081C760FAD006D044B /* Info.plist */ = {isa = PBXFileReference; lastKnownFileType = text.plist.xml; path = Info.plist; sourceTree = "<group>"; };
		2CB31D0D1C760FAD006D044B /* OneHourWalkerTests.xctest */ = {isa = PBXFileReference; explicitFileType = wrapper.cfbundle; includeInIndex = 0; path = OneHourWalkerTests.xctest; sourceTree = BUILT_PRODUCTS_DIR; };
		2CB31D111C760FAD006D044B /* OneHourWalkerTests.swift */ = {isa = PBXFileReference; lastKnownFileType = sourcecode.swift; path = OneHourWalkerTests.swift; sourceTree = "<group>"; };
		2CB31D131C760FAD006D044B /* Info.plist */ = {isa = PBXFileReference; lastKnownFileType = text.plist.xml; path = Info.plist; sourceTree = "<group>"; };
		2CB31D181C760FAD006D044B /* OneHourWalkerUITests.xctest */ = {isa = PBXFileReference; explicitFileType = wrapper.cfbundle; includeInIndex = 0; path = OneHourWalkerUITests.xctest; sourceTree = BUILT_PRODUCTS_DIR; };
		2CB31D1C1C760FAD006D044B /* OneHourWalkerUITests.swift */ = {isa = PBXFileReference; lastKnownFileType = sourcecode.swift; path = OneHourWalkerUITests.swift; sourceTree = "<group>"; };
		2CB31D1E1C760FAD006D044B /* Info.plist */ = {isa = PBXFileReference; lastKnownFileType = text.plist.xml; path = Info.plist; sourceTree = "<group>"; };
		2CB31D351C7611A8006D044B /* TimerViewController.swift */ = {isa = PBXFileReference; fileEncoding = 4; lastKnownFileType = sourcecode.swift; path = TimerViewController.swift; sourceTree = "<group>"; };
		2CB31D371C761905006D044B /* CustomView.swift */ = {isa = PBXFileReference; fileEncoding = 4; lastKnownFileType = sourcecode.swift; path = CustomView.swift; sourceTree = "<group>"; };
		2CB31D391C762204006D044B /* CustomButton.swift */ = {isa = PBXFileReference; fileEncoding = 4; lastKnownFileType = sourcecode.swift; path = CustomButton.swift; sourceTree = "<group>"; };
		2CB31D3B1C77637D006D044B /* CoreLocation.framework */ = {isa = PBXFileReference; lastKnownFileType = wrapper.framework; name = CoreLocation.framework; path = System/Library/Frameworks/CoreLocation.framework; sourceTree = SDKROOT; };
		2CB31D3D1C77C5D8006D044B /* HealthKit.framework */ = {isa = PBXFileReference; lastKnownFileType = wrapper.framework; name = HealthKit.framework; path = System/Library/Frameworks/HealthKit.framework; sourceTree = SDKROOT; };
		2CB31D3F1C77C5D8006D044B /* OneHourWalker.entitlements */ = {isa = PBXFileReference; lastKnownFileType = text.xml; path = OneHourWalker.entitlements; sourceTree = "<group>"; };
		2CB31D401C77C63A006D044B /* HealthKitManager.swift */ = {isa = PBXFileReference; fileEncoding = 4; lastKnownFileType = sourcecode.swift; path = HealthKitManager.swift; sourceTree = "<group>"; };
/* End PBXFileReference section */

/* Begin PBXFrameworksBuildPhase section */
		2CB31CF61C760FAC006D044B /* Frameworks */ = {
			isa = PBXFrameworksBuildPhase;
			buildActionMask = 2147483647;
			files = (
				2CB31D3C1C77637D006D044B /* CoreLocation.framework in Frameworks */,
				2CB31D3E1C77C5D8006D044B /* HealthKit.framework in Frameworks */,
			);
			runOnlyForDeploymentPostprocessing = 0;
		};
		2CB31D0A1C760FAD006D044B /* Frameworks */ = {
			isa = PBXFrameworksBuildPhase;
			buildActionMask = 2147483647;
			files = (
			);
			runOnlyForDeploymentPostprocessing = 0;
		};
		2CB31D151C760FAD006D044B /* Frameworks */ = {
			isa = PBXFrameworksBuildPhase;
			buildActionMask = 2147483647;
			files = (
			);
			runOnlyForDeploymentPostprocessing = 0;
		};
/* End PBXFrameworksBuildPhase section */

/* Begin PBXGroup section */
		2CB31CF01C760FAC006D044B = {
			isa = PBXGroup;
			children = (
				2CB31D3D1C77C5D8006D044B /* HealthKit.framework */,
				2CB31D3B1C77637D006D044B /* CoreLocation.framework */,
				2CB31CFB1C760FAD006D044B /* OneHourWalker */,
				2CB31D101C760FAD006D044B /* OneHourWalkerTests */,
				2CB31D1B1C760FAD006D044B /* OneHourWalkerUITests */,
				2CB31CFA1C760FAD006D044B /* Products */,
			);
			sourceTree = "<group>";
		};
		2CB31CFA1C760FAD006D044B /* Products */ = {
			isa = PBXGroup;
			children = (
				2CB31CF91C760FAD006D044B /* OneHourWalker.app */,
				2CB31D0D1C760FAD006D044B /* OneHourWalkerTests.xctest */,
				2CB31D181C760FAD006D044B /* OneHourWalkerUITests.xctest */,
			);
			name = Products;
			sourceTree = "<group>";
		};
		2CB31CFB1C760FAD006D044B /* OneHourWalker */ = {
			isa = PBXGroup;
			children = (
				2CB31D3F1C77C5D8006D044B /* OneHourWalker.entitlements */,
				2CB31D2A1C761092006D044B /* Manager */,
				2CB31D2D1C7610C2006D044B /* Controller */,
				2CB31D2C1C7610B9006D044B /* View */,
				2CB31CFC1C760FAD006D044B /* AppDelegate.swift */,
				2CB31D001C760FAD006D044B /* Main.storyboard */,
				2CB31D031C760FAD006D044B /* Assets.xcassets */,
				2CB31D051C760FAD006D044B /* LaunchScreen.storyboard */,
				2CB31D081C760FAD006D044B /* Info.plist */,
			);
			path = OneHourWalker;
			sourceTree = "<group>";
		};
		2CB31D101C760FAD006D044B /* OneHourWalkerTests */ = {
			isa = PBXGroup;
			children = (
				2CB31D111C760FAD006D044B /* OneHourWalkerTests.swift */,
				2CB31D131C760FAD006D044B /* Info.plist */,
			);
			path = OneHourWalkerTests;
			sourceTree = "<group>";
		};
		2CB31D1B1C760FAD006D044B /* OneHourWalkerUITests */ = {
			isa = PBXGroup;
			children = (
				2CB31D1C1C760FAD006D044B /* OneHourWalkerUITests.swift */,
				2CB31D1E1C760FAD006D044B /* Info.plist */,
			);
			path = OneHourWalkerUITests;
			sourceTree = "<group>";
		};
		2CB31D2A1C761092006D044B /* Manager */ = {
			isa = PBXGroup;
			children = (
				2CB31D401C77C63A006D044B /* HealthKitManager.swift */,
			);
			name = Manager;
			sourceTree = "<group>";
		};
		2CB31D2C1C7610B9006D044B /* View */ = {
			isa = PBXGroup;
			children = (
				2CB31D371C761905006D044B /* CustomView.swift */,
				2CB31D391C762204006D044B /* CustomButton.swift */,
			);
			name = View;
			sourceTree = "<group>";
		};
		2CB31D2D1C7610C2006D044B /* Controller */ = {
			isa = PBXGroup;
			children = (
				2CB31D351C7611A8006D044B /* TimerViewController.swift */,
			);
			name = Controller;
			sourceTree = "<group>";
		};
/* End PBXGroup section */

/* Begin PBXNativeTarget section */
		2CB31CF81C760FAC006D044B /* OneHourWalker */ = {
			isa = PBXNativeTarget;
			buildConfigurationList = 2CB31D211C760FAD006D044B /* Build configuration list for PBXNativeTarget "OneHourWalker" */;
			buildPhases = (
				2CB31CF51C760FAC006D044B /* Sources */,
				2CB31CF61C760FAC006D044B /* Frameworks */,
				2CB31CF71C760FAC006D044B /* Resources */,
			);
			buildRules = (
			);
			dependencies = (
			);
			name = OneHourWalker;
			productName = OneHourWalker;
			productReference = 2CB31CF91C760FAD006D044B /* OneHourWalker.app */;
			productType = "com.apple.product-type.application";
		};
		2CB31D0C1C760FAD006D044B /* OneHourWalkerTests */ = {
			isa = PBXNativeTarget;
			buildConfigurationList = 2CB31D241C760FAD006D044B /* Build configuration list for PBXNativeTarget "OneHourWalkerTests" */;
			buildPhases = (
				2CB31D091C760FAD006D044B /* Sources */,
				2CB31D0A1C760FAD006D044B /* Frameworks */,
				2CB31D0B1C760FAD006D044B /* Resources */,
			);
			buildRules = (
			);
			dependencies = (
				2CB31D0F1C760FAD006D044B /* PBXTargetDependency */,
			);
			name = OneHourWalkerTests;
			productName = OneHourWalkerTests;
			productReference = 2CB31D0D1C760FAD006D044B /* OneHourWalkerTests.xctest */;
			productType = "com.apple.product-type.bundle.unit-test";
		};
		2CB31D171C760FAD006D044B /* OneHourWalkerUITests */ = {
			isa = PBXNativeTarget;
			buildConfigurationList = 2CB31D271C760FAD006D044B /* Build configuration list for PBXNativeTarget "OneHourWalkerUITests" */;
			buildPhases = (
				2CB31D141C760FAD006D044B /* Sources */,
				2CB31D151C760FAD006D044B /* Frameworks */,
				2CB31D161C760FAD006D044B /* Resources */,
			);
			buildRules = (
			);
			dependencies = (
				2CB31D1A1C760FAD006D044B /* PBXTargetDependency */,
			);
			name = OneHourWalkerUITests;
			productName = OneHourWalkerUITests;
			productReference = 2CB31D181C760FAD006D044B /* OneHourWalkerUITests.xctest */;
			productType = "com.apple.product-type.bundle.ui-testing";
		};
/* End PBXNativeTarget section */

/* Begin PBXProject section */
		2CB31CF11C760FAC006D044B /* Project object */ = {
			isa = PBXProject;
			attributes = {
				LastSwiftUpdateCheck = 0720;
				LastUpgradeCheck = 0720;
				ORGANIZATIONNAME = "Matt Maher";
				TargetAttributes = {
					2CB31CF81C760FAC006D044B = {
						CreatedOnToolsVersion = 7.2.1;
						DevelopmentTeam = RCJFFV5UHS;
						SystemCapabilities = {
							com.apple.HealthKit = {
								enabled = 1;
							};
						};
					};
					2CB31D0C1C760FAD006D044B = {
						CreatedOnToolsVersion = 7.2.1;
						TestTargetID = 2CB31CF81C760FAC006D044B;
					};
					2CB31D171C760FAD006D044B = {
						CreatedOnToolsVersion = 7.2.1;
						TestTargetID = 2CB31CF81C760FAC006D044B;
					};
				};
			};
			buildConfigurationList = 2CB31CF41C760FAC006D044B /* Build configuration list for PBXProject "OneHourWalker" */;
			compatibilityVersion = "Xcode 3.2";
			developmentRegion = English;
			hasScannedForEncodings = 0;
			knownRegions = (
				en,
				Base,
			);
			mainGroup = 2CB31CF01C760FAC006D044B;
			productRefGroup = 2CB31CFA1C760FAD006D044B /* Products */;
			projectDirPath = "";
			projectRoot = "";
			targets = (
				2CB31CF81C760FAC006D044B /* OneHourWalker */,
				2CB31D0C1C760FAD006D044B /* OneHourWalkerTests */,
				2CB31D171C760FAD006D044B /* OneHourWalkerUITests */,
			);
		};
/* End PBXProject section */

/* Begin PBXResourcesBuildPhase section */
		2CB31CF71C760FAC006D044B /* Resources */ = {
			isa = PBXResourcesBuildPhase;
			buildActionMask = 2147483647;
			files = (
				2CB31D071C760FAD006D044B /* LaunchScreen.storyboard in Resources */,
				2CB31D041C760FAD006D044B /* Assets.xcassets in Resources */,
				2CB31D021C760FAD006D044B /* Main.storyboard in Resources */,
			);
			runOnlyForDeploymentPostprocessing = 0;
		};
		2CB31D0B1C760FAD006D044B /* Resources */ = {
			isa = PBXResourcesBuildPhase;
			buildActionMask = 2147483647;
			files = (
			);
			runOnlyForDeploymentPostprocessing = 0;
		};
		2CB31D161C760FAD006D044B /* Resources */ = {
			isa = PBXResourcesBuildPhase;
			buildActionMask = 2147483647;
			files = (
			);
			runOnlyForDeploymentPostprocessing = 0;
		};
/* End PBXResourcesBuildPhase section */

/* Begin PBXSourcesBuildPhase section */
		2CB31CF51C760FAC006D044B /* Sources */ = {
			isa = PBXSourcesBuildPhase;
			buildActionMask = 2147483647;
			files = (
				2CB31CFD1C760FAD006D044B /* AppDelegate.swift in Sources */,
				2CB31D411C77C63A006D044B /* HealthKitManager.swift in Sources */,
				2CB31D381C761905006D044B /* CustomView.swift in Sources */,
				2CB31D3A1C762204006D044B /* CustomButton.swift in Sources */,
				2CB31D361C7611A8006D044B /* TimerViewController.swift in Sources */,
			);
			runOnlyForDeploymentPostprocessing = 0;
		};
		2CB31D091C760FAD006D044B /* Sources */ = {
			isa = PBXSourcesBuildPhase;
			buildActionMask = 2147483647;
			files = (
				2CB31D121C760FAD006D044B /* OneHourWalkerTests.swift in Sources */,
			);
			runOnlyForDeploymentPostprocessing = 0;
		};
		2CB31D141C760FAD006D044B /* Sources */ = {
			isa = PBXSourcesBuildPhase;
			buildActionMask = 2147483647;
			files = (
				2CB31D1D1C760FAD006D044B /* OneHourWalkerUITests.swift in Sources */,
			);
			runOnlyForDeploymentPostprocessing = 0;
		};
/* End PBXSourcesBuildPhase section */

/* Begin PBXTargetDependency section */
		2CB31D0F1C760FAD006D044B /* PBXTargetDependency */ = {
			isa = PBXTargetDependency;
			target = 2CB31CF81C760FAC006D044B /* OneHourWalker */;
			targetProxy = 2CB31D0E1C760FAD006D044B /* PBXContainerItemProxy */;
		};
		2CB31D1A1C760FAD006D044B /* PBXTargetDependency */ = {
			isa = PBXTargetDependency;
			target = 2CB31CF81C760FAC006D044B /* OneHourWalker */;
			targetProxy = 2CB31D191C760FAD006D044B /* PBXContainerItemProxy */;
		};
/* End PBXTargetDependency section */

/* Begin PBXVariantGroup section */
		2CB31D001C760FAD006D044B /* Main.storyboard */ = {
			isa = PBXVariantGroup;
			children = (
				2CB31D011C760FAD006D044B /* Base */,
			);
			name = Main.storyboard;
			sourceTree = "<group>";
		};
		2CB31D051C760FAD006D044B /* LaunchScreen.storyboard */ = {
			isa = PBXVariantGroup;
			children = (
				2CB31D061C760FAD006D044B /* Base */,
			);
			name = LaunchScreen.storyboard;
			sourceTree = "<group>";
		};
/* End PBXVariantGroup section */

/* Begin XCBuildConfiguration section */
		2CB31D1F1C760FAD006D044B /* Debug */ = {
			isa = XCBuildConfiguration;
			buildSettings = {
				ALWAYS_SEARCH_USER_PATHS = NO;
				CLANG_CXX_LANGUAGE_STANDARD = "gnu++0x";
				CLANG_CXX_LIBRARY = "libc++";
				CLANG_ENABLE_MODULES = YES;
				CLANG_ENABLE_OBJC_ARC = YES;
				CLANG_WARN_BOOL_CONVERSION = YES;
				CLANG_WARN_CONSTANT_CONVERSION = YES;
				CLANG_WARN_DIRECT_OBJC_ISA_USAGE = YES_ERROR;
				CLANG_WARN_EMPTY_BODY = YES;
				CLANG_WARN_ENUM_CONVERSION = YES;
				CLANG_WARN_INT_CONVERSION = YES;
				CLANG_WARN_OBJC_ROOT_CLASS = YES_ERROR;
				CLANG_WARN_UNREACHABLE_CODE = YES;
				CLANG_WARN__DUPLICATE_METHOD_MATCH = YES;
				"CODE_SIGN_IDENTITY[sdk=iphoneos*]" = "iPhone Developer";
				COPY_PHASE_STRIP = NO;
				DEBUG_INFORMATION_FORMAT = dwarf;
				ENABLE_STRICT_OBJC_MSGSEND = YES;
				ENABLE_TESTABILITY = YES;
				GCC_C_LANGUAGE_STANDARD = gnu99;
				GCC_DYNAMIC_NO_PIC = NO;
				GCC_NO_COMMON_BLOCKS = YES;
				GCC_OPTIMIZATION_LEVEL = 0;
				GCC_PREPROCESSOR_DEFINITIONS = (
					"DEBUG=1",
					"$(inherited)",
				);
				GCC_WARN_64_TO_32_BIT_CONVERSION = YES;
				GCC_WARN_ABOUT_RETURN_TYPE = YES_ERROR;
				GCC_WARN_UNDECLARED_SELECTOR = YES;
				GCC_WARN_UNINITIALIZED_AUTOS = YES_AGGRESSIVE;
				GCC_WARN_UNUSED_FUNCTION = YES;
				GCC_WARN_UNUSED_VARIABLE = YES;
				IPHONEOS_DEPLOYMENT_TARGET = 9.2;
				MTL_ENABLE_DEBUG_INFO = YES;
				ONLY_ACTIVE_ARCH = YES;
				SDKROOT = iphoneos;
				SWIFT_OPTIMIZATION_LEVEL = "-Onone";
			};
			name = Debug;
		};
		2CB31D201C760FAD006D044B /* Release */ = {
			isa = XCBuildConfiguration;
			buildSettings = {
				ALWAYS_SEARCH_USER_PATHS = NO;
				CLANG_CXX_LANGUAGE_STANDARD = "gnu++0x";
				CLANG_CXX_LIBRARY = "libc++";
				CLANG_ENABLE_MODULES = YES;
				CLANG_ENABLE_OBJC_ARC = YES;
				CLANG_WARN_BOOL_CONVERSION = YES;
				CLANG_WARN_CONSTANT_CONVERSION = YES;
				CLANG_WARN_DIRECT_OBJC_ISA_USAGE = YES_ERROR;
				CLANG_WARN_EMPTY_BODY = YES;
				CLANG_WARN_ENUM_CONVERSION = YES;
				CLANG_WARN_INT_CONVERSION = YES;
				CLANG_WARN_OBJC_ROOT_CLASS = YES_ERROR;
				CLANG_WARN_UNREACHABLE_CODE = YES;
				CLANG_WARN__DUPLICATE_METHOD_MATCH = YES;
				"CODE_SIGN_IDENTITY[sdk=iphoneos*]" = "iPhone Developer";
				COPY_PHASE_STRIP = NO;
				DEBUG_INFORMATION_FORMAT = "dwarf-with-dsym";
				ENABLE_NS_ASSERTIONS = NO;
				ENABLE_STRICT_OBJC_MSGSEND = YES;
				GCC_C_LANGUAGE_STANDARD = gnu99;
				GCC_NO_COMMON_BLOCKS = YES;
				GCC_WARN_64_TO_32_BIT_CONVERSION = YES;
				GCC_WARN_ABOUT_RETURN_TYPE = YES_ERROR;
				GCC_WARN_UNDECLARED_SELECTOR = YES;
				GCC_WARN_UNINITIALIZED_AUTOS = YES_AGGRESSIVE;
				GCC_WARN_UNUSED_FUNCTION = YES;
				GCC_WARN_UNUSED_VARIABLE = YES;
				IPHONEOS_DEPLOYMENT_TARGET = 9.2;
				MTL_ENABLE_DEBUG_INFO = NO;
				SDKROOT = iphoneos;
				VALIDATE_PRODUCT = YES;
			};
			name = Release;
		};
		2CB31D221C760FAD006D044B /* Debug */ = {
			isa = XCBuildConfiguration;
			buildSettings = {
				ASSETCATALOG_COMPILER_APPICON_NAME = AppIcon;
				CODE_SIGN_ENTITLEMENTS = OneHourWalker/OneHourWalker.entitlements;
				CODE_SIGN_IDENTITY = "iPhone Developer";
				"CODE_SIGN_IDENTITY[sdk=iphoneos*]" = "iPhone Developer";
				INFOPLIST_FILE = OneHourWalker/Info.plist;
				LD_RUNPATH_SEARCH_PATHS = "$(inherited) @executable_path/Frameworks";
				PRODUCT_BUNDLE_IDENTIFIER = com.gommmd.OneHourWalker;
				PRODUCT_NAME = "$(TARGET_NAME)";
				PROVISIONING_PROFILE = "";
			};
			name = Debug;
		};
		2CB31D231C760FAD006D044B /* Release */ = {
			isa = XCBuildConfiguration;
			buildSettings = {
				ASSETCATALOG_COMPILER_APPICON_NAME = AppIcon;
				CODE_SIGN_ENTITLEMENTS = OneHourWalker/OneHourWalker.entitlements;
				CODE_SIGN_IDENTITY = "iPhone Developer";
				"CODE_SIGN_IDENTITY[sdk=iphoneos*]" = "iPhone Developer";
				INFOPLIST_FILE = OneHourWalker/Info.plist;
				LD_RUNPATH_SEARCH_PATHS = "$(inherited) @executable_path/Frameworks";
				PRODUCT_BUNDLE_IDENTIFIER = com.gommmd.OneHourWalker;
				PRODUCT_NAME = "$(TARGET_NAME)";
				PROVISIONING_PROFILE = "";
			};
			name = Release;
		};
		2CB31D251C760FAD006D044B /* Debug */ = {
			isa = XCBuildConfiguration;
			buildSettings = {
				BUNDLE_LOADER = "$(TEST_HOST)";
				INFOPLIST_FILE = OneHourWalkerTests/Info.plist;
				LD_RUNPATH_SEARCH_PATHS = "$(inherited) @executable_path/Frameworks @loader_path/Frameworks";
				PRODUCT_BUNDLE_IDENTIFIER = com.gommmd.OneHourWalkerTests;
				PRODUCT_NAME = "$(TARGET_NAME)";
				TEST_HOST = "$(BUILT_PRODUCTS_DIR)/OneHourWalker.app/OneHourWalker";
			};
			name = Debug;
		};
		2CB31D261C760FAD006D044B /* Release */ = {
			isa = XCBuildConfiguration;
			buildSettings = {
				BUNDLE_LOADER = "$(TEST_HOST)";
				INFOPLIST_FILE = OneHourWalkerTests/Info.plist;
				LD_RUNPATH_SEARCH_PATHS = "$(inherited) @executable_path/Frameworks @loader_path/Frameworks";
				PRODUCT_BUNDLE_IDENTIFIER = com.gommmd.OneHourWalkerTests;
				PRODUCT_NAME = "$(TARGET_NAME)";
				TEST_HOST = "$(BUILT_PRODUCTS_DIR)/OneHourWalker.app/OneHourWalker";
			};
			name = Release;
		};
		2CB31D281C760FAD006D044B /* Debug */ = {
			isa = XCBuildConfiguration;
			buildSettings = {
				INFOPLIST_FILE = OneHourWalkerUITests/Info.plist;
				LD_RUNPATH_SEARCH_PATHS = "$(inherited) @executable_path/Frameworks @loader_path/Frameworks";
				PRODUCT_BUNDLE_IDENTIFIER = com.gommmd.OneHourWalkerUITests;
				PRODUCT_NAME = "$(TARGET_NAME)";
				TEST_TARGET_NAME = OneHourWalker;
				USES_XCTRUNNER = YES;
			};
			name = Debug;
		};
		2CB31D291C760FAD006D044B /* Release */ = {
			isa = XCBuildConfiguration;
			buildSettings = {
				INFOPLIST_FILE = OneHourWalkerUITests/Info.plist;
				LD_RUNPATH_SEARCH_PATHS = "$(inherited) @executable_path/Frameworks @loader_path/Frameworks";
				PRODUCT_BUNDLE_IDENTIFIER = com.gommmd.OneHourWalkerUITests;
				PRODUCT_NAME = "$(TARGET_NAME)";
				TEST_TARGET_NAME = OneHourWalker;
				USES_XCTRUNNER = YES;
			};
			name = Release;
		};
/* End XCBuildConfiguration section */

/* Begin XCConfigurationList section */
		2CB31CF41C760FAC006D044B /* Build configuration list for PBXProject "OneHourWalker" */ = {
			isa = XCConfigurationList;
			buildConfigurations = (
				2CB31D1F1C760FAD006D044B /* Debug */,
				2CB31D201C760FAD006D044B /* Release */,
			);
			defaultConfigurationIsVisible = 0;
			defaultConfigurationName = Release;
		};
		2CB31D211C760FAD006D044B /* Build configuration list for PBXNativeTarget "OneHourWalker" */ = {
			isa = XCConfigurationList;
			buildConfigurations = (
				2CB31D221C760FAD006D044B /* Debug */,
				2CB31D231C760FAD006D044B /* Release */,
			);
			defaultConfigurationIsVisible = 0;
			defaultConfigurationName = Release;
		};
		2CB31D241C760FAD006D044B /* Build configuration list for PBXNativeTarget "OneHourWalkerTests" */ = {
			isa = XCConfigurationList;
			buildConfigurations = (
				2CB31D251C760FAD006D044B /* Debug */,
				2CB31D261C760FAD006D044B /* Release */,
			);
			defaultConfigurationIsVisible = 0;
			defaultConfigurationName = Release;
		};
		2CB31D271C760FAD006D044B /* Build configuration list for PBXNativeTarget "OneHourWalkerUITests" */ = {
			isa = XCConfigurationList;
			buildConfigurations = (
				2CB31D281C760FAD006D044B /* Debug */,
				2CB31D291C760FAD006D044B /* Release */,
			);
			defaultConfigurationIsVisible = 0;
			defaultConfigurationName = Release;
		};
/* End XCConfigurationList section */
	};
	rootObject = 2CB31CF11C760FAC006D044B /* Project object */;
}
